
Microsoft Visual Studio Solution File, Format Version 12.00
# Visual Studio 15
VisualStudioVersion = 15.0.27130.2010
MinimumVisualStudioVersion = 10.0.40219.1
Project("{9A19103F-16F7-4668-BE54-9A1E7A4F7556}") = "dittlassian.API", "dittlassian.API\dittlassian.API.csproj", "{F40FB182-A9A1-4C9A-8EC6-961DDDAACF5C}"
EndProject
Project("{9A19103F-16F7-4668-BE54-9A1E7A4F7556}") = "dittlassian.Objects", "dittlassian.Objects\dittlassian.Objects.csproj", "{2933EC50-0449-4F54-A022-38DD16A53C70}"
EndProject
Project("{FAE04EC0-301F-11D3-BF4B-00C04F79EFBC}") = "dittlassian.PlayGround", "dittlassian.PlayGround\dittlassian.PlayGround.csproj", "{1323EB7D-EFB9-41FA-AD45-C074D3622C5D}"
EndProject
Project("{FAE04EC0-301F-11D3-BF4B-00C04F79EFBC}") = "dittlassian.DI", "dittlassian.DI\dittlassian.DI.csproj", "{0447C572-53FB-4262-8BB7-A4080B016B7B}"
EndProject
Project("{FAE04EC0-301F-11D3-BF4B-00C04F79EFBC}") = "dittlassian.Utilities", "dittlassian.Utilities\dittlassian.Utilities.csproj", "{872E7FAB-BDA8-485E-B8B9-5746761EBC6C}"
EndProject
Global
	GlobalSection(SolutionConfigurationPlatforms) = preSolution
		Debug|Any CPU = Debug|Any CPU
		Release|Any CPU = Release|Any CPU
	EndGlobalSection
	GlobalSection(ProjectConfigurationPlatforms) = postSolution
		{F40FB182-A9A1-4C9A-8EC6-961DDDAACF5C}.Debug|Any CPU.ActiveCfg = Debug|Any CPU
		{F40FB182-A9A1-4C9A-8EC6-961DDDAACF5C}.Debug|Any CPU.Build.0 = Debug|Any CPU
		{F40FB182-A9A1-4C9A-8EC6-961DDDAACF5C}.Release|Any CPU.ActiveCfg = Release|Any CPU
		{F40FB182-A9A1-4C9A-8EC6-961DDDAACF5C}.Release|Any CPU.Build.0 = Release|Any CPU
		{2933EC50-0449-4F54-A022-38DD16A53C70}.Debug|Any CPU.ActiveCfg = Debug|Any CPU
		{2933EC50-0449-4F54-A022-38DD16A53C70}.Debug|Any CPU.Build.0 = Debug|Any CPU
		{2933EC50-0449-4F54-A022-38DD16A53C70}.Release|Any CPU.ActiveCfg = Release|Any CPU
		{2933EC50-0449-4F54-A022-38DD16A53C70}.Release|Any CPU.Build.0 = Release|Any CPU
		{1323EB7D-EFB9-41FA-AD45-C074D3622C5D}.Debug|Any CPU.ActiveCfg = Debug|Any CPU
		{1323EB7D-EFB9-41FA-AD45-C074D3622C5D}.Debug|Any CPU.Build.0 = Debug|Any CPU
		{1323EB7D-EFB9-41FA-AD45-C074D3622C5D}.Release|Any CPU.ActiveCfg = Release|Any CPU
		{1323EB7D-EFB9-41FA-AD45-C074D3622C5D}.Release|Any CPU.Build.0 = Release|Any CPU
		{0447C572-53FB-4262-8BB7-A4080B016B7B}.Debug|Any CPU.ActiveCfg = Debug|Any CPU
		{0447C572-53FB-4262-8BB7-A4080B016B7B}.Debug|Any CPU.Build.0 = Debug|Any CPU
		{0447C572-53FB-4262-8BB7-A4080B016B7B}.Release|Any CPU.ActiveCfg = Release|Any CPU
		{0447C572-53FB-4262-8BB7-A4080B016B7B}.Release|Any CPU.Build.0 = Release|Any CPU
		{872E7FAB-BDA8-485E-B8B9-5746761EBC6C}.Debug|Any CPU.ActiveCfg = Debug|Any CPU
		{872E7FAB-BDA8-485E-B8B9-5746761EBC6C}.Debug|Any CPU.Build.0 = Debug|Any CPU
		{872E7FAB-BDA8-485E-B8B9-5746761EBC6C}.Release|Any CPU.ActiveCfg = Release|Any CPU
		{872E7FAB-BDA8-485E-B8B9-5746761EBC6C}.Release|Any CPU.Build.0 = Release|Any CPU
	EndGlobalSection
	GlobalSection(SolutionProperties) = preSolution
		HideSolutionNode = FALSE
	EndGlobalSection
	GlobalSection(ExtensibilityGlobals) = postSolution
		SolutionGuid = {75B7BC2E-1135-4CA1-BB4C-D601DB5CA22D}
	EndGlobalSection
EndGlobal
